
Microsoft Visual Studio Solution File, Format Version 12.00
# Visual Studio Version 16
VisualStudioVersion = 16.0.30413.136
MinimumVisualStudioVersion = 10.0.40219.1
Project("{FAE04EC0-301F-11D3-BF4B-00C04F79EFBC}") = "ThreadStart", "ThreadStart.csproj", "{0CB02A93-AFDE-4B4A-982A-8E3EDAB7FA01}"
EndProject
Global
	GlobalSection(SolutionConfigurationPlatforms) = preSolution
		Debug|Any CPU = Debug|Any CPU
		Release|Any CPU = Release|Any CPU
	EndGlobalSection
	GlobalSection(ProjectConfigurationPlatforms) = postSolution
		{0CB02A93-AFDE-4B4A-982A-8E3EDAB7FA01}.Debug|Any CPU.ActiveCfg = Debug|Any CPU
		{0CB02A93-AFDE-4B4A-982A-8E3EDAB7FA01}.Debug|Any CPU.Build.0 = Debug|Any CPU
		{0CB02A93-AFDE-4B4A-982A-8E3EDAB7FA01}.Release|Any CPU.ActiveCfg = Release|Any CPU
		{0CB02A93-AFDE-4B4A-982A-8E3EDAB7FA01}.Release|Any CPU.Build.0 = Release|Any CPU
	EndGlobalSection
	GlobalSection(SolutionProperties) = preSolution
		HideSolutionNode = FALSE
	EndGlobalSection
	GlobalSection(ExtensibilityGlobals) = postSolution
		SolutionGuid = {5E3FC27C-3CFF-4444-B826-3A7FFDD846F7}
	EndGlobalSection
EndGlobal
