
Microsoft Visual Studio Solution File, Format Version 12.00
# Visual Studio Version 16
VisualStudioVersion = 16.0.30413.136
MinimumVisualStudioVersion = 10.0.40219.1
Project("{FAE04EC0-301F-11D3-BF4B-00C04F79EFBC}") = "PE8Question5", "PE8Question5.csproj", "{C00E5A1C-FC11-415C-8579-A69D99EC05D5}"
EndProject
Global
	GlobalSection(SolutionConfigurationPlatforms) = preSolution
		Debug|Any CPU = Debug|Any CPU
		Release|Any CPU = Release|Any CPU
	EndGlobalSection
	GlobalSection(ProjectConfigurationPlatforms) = postSolution
		{C00E5A1C-FC11-415C-8579-A69D99EC05D5}.Debug|Any CPU.ActiveCfg = Debug|Any CPU
		{C00E5A1C-FC11-415C-8579-A69D99EC05D5}.Debug|Any CPU.Build.0 = Debug|Any CPU
		{C00E5A1C-FC11-415C-8579-A69D99EC05D5}.Release|Any CPU.ActiveCfg = Release|Any CPU
		{C00E5A1C-FC11-415C-8579-A69D99EC05D5}.Release|Any CPU.Build.0 = Release|Any CPU
	EndGlobalSection
	GlobalSection(SolutionProperties) = preSolution
		HideSolutionNode = FALSE
	EndGlobalSection
	GlobalSection(ExtensibilityGlobals) = postSolution
		SolutionGuid = {4D9A4499-2C59-4CC3-86AF-DFF7FAA3E94F}
	EndGlobalSection
EndGlobal
