
Microsoft Visual Studio Solution File, Format Version 12.00
# Visual Studio Version 16
VisualStudioVersion = 16.0.30413.136
MinimumVisualStudioVersion = 10.0.40219.1
Project("{FAE04EC0-301F-11D3-BF4B-00C04F79EFBC}") = "Dont Die Part 1", "Dont Die Part 1.csproj", "{CDEB1FD4-B175-4462-9E08-ABB914F63835}"
EndProject
Global
	GlobalSection(SolutionConfigurationPlatforms) = preSolution
		Debug|Any CPU = Debug|Any CPU
		Release|Any CPU = Release|Any CPU
	EndGlobalSection
	GlobalSection(ProjectConfigurationPlatforms) = postSolution
		{CDEB1FD4-B175-4462-9E08-ABB914F63835}.Debug|Any CPU.ActiveCfg = Debug|Any CPU
		{CDEB1FD4-B175-4462-9E08-ABB914F63835}.Debug|Any CPU.Build.0 = Debug|Any CPU
		{CDEB1FD4-B175-4462-9E08-ABB914F63835}.Release|Any CPU.ActiveCfg = Release|Any CPU
		{CDEB1FD4-B175-4462-9E08-ABB914F63835}.Release|Any CPU.Build.0 = Release|Any CPU
	EndGlobalSection
	GlobalSection(SolutionProperties) = preSolution
		HideSolutionNode = FALSE
	EndGlobalSection
	GlobalSection(ExtensibilityGlobals) = postSolution
		SolutionGuid = {B4C85645-753E-4678-A66B-AA80B67B29BA}
	EndGlobalSection
EndGlobal
