
Microsoft Visual Studio Solution File, Format Version 12.00
# Visual Studio Version 16
VisualStudioVersion = 16.0.30413.136
MinimumVisualStudioVersion = 10.0.40219.1
Project("{FAE04EC0-301F-11D3-BF4B-00C04F79EFBC}") = "WordSorter", "WordSorter.csproj", "{C1AE7F2B-1294-4A26-9597-EF8A8DE4DA10}"
EndProject
Global
	GlobalSection(SolutionConfigurationPlatforms) = preSolution
		Debug|Any CPU = Debug|Any CPU
		Release|Any CPU = Release|Any CPU
	EndGlobalSection
	GlobalSection(ProjectConfigurationPlatforms) = postSolution
		{C1AE7F2B-1294-4A26-9597-EF8A8DE4DA10}.Debug|Any CPU.ActiveCfg = Debug|Any CPU
		{C1AE7F2B-1294-4A26-9597-EF8A8DE4DA10}.Debug|Any CPU.Build.0 = Debug|Any CPU
		{C1AE7F2B-1294-4A26-9597-EF8A8DE4DA10}.Release|Any CPU.ActiveCfg = Release|Any CPU
		{C1AE7F2B-1294-4A26-9597-EF8A8DE4DA10}.Release|Any CPU.Build.0 = Release|Any CPU
	EndGlobalSection
	GlobalSection(SolutionProperties) = preSolution
		HideSolutionNode = FALSE
	EndGlobalSection
	GlobalSection(ExtensibilityGlobals) = postSolution
		SolutionGuid = {0DF1AE26-FFDD-47F4-AF75-1C76206DB7BC}
	EndGlobalSection
EndGlobal
