
Microsoft Visual Studio Solution File, Format Version 12.00
# Visual Studio Version 16
VisualStudioVersion = 16.0.30413.136
MinimumVisualStudioVersion = 10.0.40219.1
Project("{FAE04EC0-301F-11D3-BF4B-00C04F79EFBC}") = "CourseLib", "CourseLib.csproj", "{58B9493C-36D2-4780-87DD-634E9D39A205}"
EndProject
Global
	GlobalSection(SolutionConfigurationPlatforms) = preSolution
		Debug|Any CPU = Debug|Any CPU
		Release|Any CPU = Release|Any CPU
	EndGlobalSection
	GlobalSection(ProjectConfigurationPlatforms) = postSolution
		{58B9493C-36D2-4780-87DD-634E9D39A205}.Debug|Any CPU.ActiveCfg = Debug|Any CPU
		{58B9493C-36D2-4780-87DD-634E9D39A205}.Debug|Any CPU.Build.0 = Debug|Any CPU
		{58B9493C-36D2-4780-87DD-634E9D39A205}.Release|Any CPU.ActiveCfg = Release|Any CPU
		{58B9493C-36D2-4780-87DD-634E9D39A205}.Release|Any CPU.Build.0 = Release|Any CPU
	EndGlobalSection
	GlobalSection(SolutionProperties) = preSolution
		HideSolutionNode = FALSE
	EndGlobalSection
	GlobalSection(ExtensibilityGlobals) = postSolution
		SolutionGuid = {65250A67-DA6F-445D-A1BB-C185D8C567C3}
	EndGlobalSection
EndGlobal
