
Microsoft Visual Studio Solution File, Format Version 12.00
# Visual Studio Version 16
VisualStudioVersion = 16.0.30413.136
MinimumVisualStudioVersion = 10.0.40219.1
Project("{FAE04EC0-301F-11D3-BF4B-00C04F79EFBC}") = "Unit Test 2 Question 4", "Unit Test 2 Question 4.csproj", "{58F63724-CFF0-49DF-A64F-D048E9CBA213}"
EndProject
Global
	GlobalSection(SolutionConfigurationPlatforms) = preSolution
		Debug|Any CPU = Debug|Any CPU
		Release|Any CPU = Release|Any CPU
	EndGlobalSection
	GlobalSection(ProjectConfigurationPlatforms) = postSolution
		{58F63724-CFF0-49DF-A64F-D048E9CBA213}.Debug|Any CPU.ActiveCfg = Debug|Any CPU
		{58F63724-CFF0-49DF-A64F-D048E9CBA213}.Debug|Any CPU.Build.0 = Debug|Any CPU
		{58F63724-CFF0-49DF-A64F-D048E9CBA213}.Release|Any CPU.ActiveCfg = Release|Any CPU
		{58F63724-CFF0-49DF-A64F-D048E9CBA213}.Release|Any CPU.Build.0 = Release|Any CPU
	EndGlobalSection
	GlobalSection(SolutionProperties) = preSolution
		HideSolutionNode = FALSE
	EndGlobalSection
	GlobalSection(ExtensibilityGlobals) = postSolution
		SolutionGuid = {4E2D4F31-FDCC-4304-BCAC-5D39E17B8D50}
	EndGlobalSection
EndGlobal
