
Microsoft Visual Studio Solution File, Format Version 12.00
# Visual Studio Version 16
VisualStudioVersion = 16.0.30413.136
MinimumVisualStudioVersion = 10.0.40219.1
Project("{FAE04EC0-301F-11D3-BF4B-00C04F79EFBC}") = "schUML", "schUML.csproj", "{AFE95F1B-5778-49F7-8156-DC2E79EABA42}"
EndProject
Global
	GlobalSection(SolutionConfigurationPlatforms) = preSolution
		Debug|Any CPU = Debug|Any CPU
		Release|Any CPU = Release|Any CPU
	EndGlobalSection
	GlobalSection(ProjectConfigurationPlatforms) = postSolution
		{AFE95F1B-5778-49F7-8156-DC2E79EABA42}.Debug|Any CPU.ActiveCfg = Debug|Any CPU
		{AFE95F1B-5778-49F7-8156-DC2E79EABA42}.Debug|Any CPU.Build.0 = Debug|Any CPU
		{AFE95F1B-5778-49F7-8156-DC2E79EABA42}.Release|Any CPU.ActiveCfg = Release|Any CPU
		{AFE95F1B-5778-49F7-8156-DC2E79EABA42}.Release|Any CPU.Build.0 = Release|Any CPU
	EndGlobalSection
	GlobalSection(SolutionProperties) = preSolution
		HideSolutionNode = FALSE
	EndGlobalSection
	GlobalSection(ExtensibilityGlobals) = postSolution
		SolutionGuid = {4B2CB3D2-3B87-4597-8B60-B95033FF5752}
	EndGlobalSection
EndGlobal
