
Microsoft Visual Studio Solution File, Format Version 12.00
# Visual Studio Version 16
VisualStudioVersion = 16.0.30413.136
MinimumVisualStudioVersion = 10.0.40219.1
Project("{FAE04EC0-301F-11D3-BF4B-00C04F79EFBC}") = "SquashTheBugs", "SquashTheBugs.csproj", "{C29F634C-683D-4D17-ACA9-EDE8AF529A6F}"
EndProject
Global
	GlobalSection(SolutionConfigurationPlatforms) = preSolution
		Debug|Any CPU = Debug|Any CPU
		Release|Any CPU = Release|Any CPU
	EndGlobalSection
	GlobalSection(ProjectConfigurationPlatforms) = postSolution
		{C29F634C-683D-4D17-ACA9-EDE8AF529A6F}.Debug|Any CPU.ActiveCfg = Debug|Any CPU
		{C29F634C-683D-4D17-ACA9-EDE8AF529A6F}.Debug|Any CPU.Build.0 = Debug|Any CPU
		{C29F634C-683D-4D17-ACA9-EDE8AF529A6F}.Release|Any CPU.ActiveCfg = Release|Any CPU
		{C29F634C-683D-4D17-ACA9-EDE8AF529A6F}.Release|Any CPU.Build.0 = Release|Any CPU
	EndGlobalSection
	GlobalSection(SolutionProperties) = preSolution
		HideSolutionNode = FALSE
	EndGlobalSection
	GlobalSection(ExtensibilityGlobals) = postSolution
		SolutionGuid = {20C88C92-9B3B-486C-A184-E64FCA866A1A}
	EndGlobalSection
EndGlobal
