
Microsoft Visual Studio Solution File, Format Version 12.00
# Visual Studio Version 16
VisualStudioVersion = 16.0.30413.136
MinimumVisualStudioVersion = 10.0.40219.1
Project("{FAE04EC0-301F-11D3-BF4B-00C04F79EFBC}") = "PeopleLib", "PeopleLib.csproj", "{07FBB5B0-6C32-41AF-9152-A4539285F618}"
EndProject
Global
	GlobalSection(SolutionConfigurationPlatforms) = preSolution
		Debug|Any CPU = Debug|Any CPU
		Release|Any CPU = Release|Any CPU
	EndGlobalSection
	GlobalSection(ProjectConfigurationPlatforms) = postSolution
		{07FBB5B0-6C32-41AF-9152-A4539285F618}.Debug|Any CPU.ActiveCfg = Debug|Any CPU
		{07FBB5B0-6C32-41AF-9152-A4539285F618}.Debug|Any CPU.Build.0 = Debug|Any CPU
		{07FBB5B0-6C32-41AF-9152-A4539285F618}.Release|Any CPU.ActiveCfg = Release|Any CPU
		{07FBB5B0-6C32-41AF-9152-A4539285F618}.Release|Any CPU.Build.0 = Release|Any CPU
	EndGlobalSection
	GlobalSection(SolutionProperties) = preSolution
		HideSolutionNode = FALSE
	EndGlobalSection
	GlobalSection(ExtensibilityGlobals) = postSolution
		SolutionGuid = {E6D83EB5-1993-4F81-8FBE-8951A8DBEC1C}
	EndGlobalSection
EndGlobal
