
Microsoft Visual Studio Solution File, Format Version 12.00
# Visual Studio Version 16
VisualStudioVersion = 16.0.30413.136
MinimumVisualStudioVersion = 10.0.40219.1
Project("{FAE04EC0-301F-11D3-BF4B-00C04F79EFBC}") = "PE12_3", "PE12_3.csproj", "{656D4941-FCF2-4527-BC4F-8B5AF37E13EA}"
EndProject
Global
	GlobalSection(SolutionConfigurationPlatforms) = preSolution
		Debug|Any CPU = Debug|Any CPU
		Release|Any CPU = Release|Any CPU
	EndGlobalSection
	GlobalSection(ProjectConfigurationPlatforms) = postSolution
		{656D4941-FCF2-4527-BC4F-8B5AF37E13EA}.Debug|Any CPU.ActiveCfg = Debug|Any CPU
		{656D4941-FCF2-4527-BC4F-8B5AF37E13EA}.Debug|Any CPU.Build.0 = Debug|Any CPU
		{656D4941-FCF2-4527-BC4F-8B5AF37E13EA}.Release|Any CPU.ActiveCfg = Release|Any CPU
		{656D4941-FCF2-4527-BC4F-8B5AF37E13EA}.Release|Any CPU.Build.0 = Release|Any CPU
	EndGlobalSection
	GlobalSection(SolutionProperties) = preSolution
		HideSolutionNode = FALSE
	EndGlobalSection
	GlobalSection(ExtensibilityGlobals) = postSolution
		SolutionGuid = {3CC4DC0E-95D5-4FA8-8A03-7540604D0373}
	EndGlobalSection
EndGlobal
